
Microsoft Visual Studio Solution File, Format Version 12.00
# Visual Studio Version 17
VisualStudioVersion = 17.1.32328.378
MinimumVisualStudioVersion = 10.0.40219.1
Project("{2150E333-8FDC-42A3-9474-1A3956D46DE8}") = "Solution Items", "Solution Items", "{A143577B-F30C-42B6-9397-65F05F13AF02}"
	ProjectSection(SolutionItems) = preProject
		.gitignore = .gitignore
		README.md = README.md
	EndProjectSection
EndProject
Project("{2150E333-8FDC-42A3-9474-1A3956D46DE8}") = "Deployment", "Deployment", "{66687279-72B2-49B7-9942-EFB49C5E421D}"
	ProjectSection(SolutionItems) = preProject
		Legacy-Deployment\0-init-db.sql = Legacy-Deployment\0-init-db.sql
		Legacy-Deployment\20220516-AddOrderTotal.sql = Legacy-Deployment\20220516-AddOrderTotal.sql
	EndProjectSection
EndProject
Global
	GlobalSection(SolutionProperties) = preSolution
		HideSolutionNode = FALSE
	EndGlobalSection
	GlobalSection(ExtensibilityGlobals) = postSolution
		SolutionGuid = {E6C83B22-BEF9-4665-9BF3-791CA315A41B}
	EndGlobalSection
EndGlobal
