
Microsoft Visual Studio Solution File, Format Version 12.00
# Visual Studio Version 17
VisualStudioVersion = 17.1.32328.378
MinimumVisualStudioVersion = 10.0.40219.1
Project("{2150E333-8FDC-42A3-9474-1A3956D46DE8}") = "Solution Items", "Solution Items", "{A143577B-F30C-42B6-9397-65F05F13AF02}"
	ProjectSection(SolutionItems) = preProject
		.gitignore = .gitignore
		README.md = README.md
	EndProjectSection
EndProject
Project("{2150E333-8FDC-42A3-9474-1A3956D46DE8}") = "Deployment", "Deployment", "{66687279-72B2-49B7-9942-EFB49C5E421D}"
	ProjectSection(SolutionItems) = preProject
		Legacy-Deployment\0-init-db.sql = Legacy-Deployment\0-init-db.sql
		Legacy-Deployment\20220516-AddOrderTotal.sql = Legacy-Deployment\20220516-AddOrderTotal.sql
	EndProjectSection
EndProject
Project("{00D1A9C2-B5F0-4AF3-8072-F6C62B433612}") = "Database12", "Database12\Database12.sqlproj", "{36CBE4A1-1670-4CAE-A2A9-4F2DB2A3AB16}"
EndProject
Global
	GlobalSection(SolutionConfigurationPlatforms) = preSolution
		Debug|Any CPU = Debug|Any CPU
		Release|Any CPU = Release|Any CPU
	EndGlobalSection
	GlobalSection(ProjectConfigurationPlatforms) = postSolution
		{36CBE4A1-1670-4CAE-A2A9-4F2DB2A3AB16}.Debug|Any CPU.ActiveCfg = Debug|Any CPU
		{36CBE4A1-1670-4CAE-A2A9-4F2DB2A3AB16}.Debug|Any CPU.Build.0 = Debug|Any CPU
		{36CBE4A1-1670-4CAE-A2A9-4F2DB2A3AB16}.Debug|Any CPU.Deploy.0 = Debug|Any CPU
		{36CBE4A1-1670-4CAE-A2A9-4F2DB2A3AB16}.Release|Any CPU.ActiveCfg = Release|Any CPU
		{36CBE4A1-1670-4CAE-A2A9-4F2DB2A3AB16}.Release|Any CPU.Build.0 = Release|Any CPU
		{36CBE4A1-1670-4CAE-A2A9-4F2DB2A3AB16}.Release|Any CPU.Deploy.0 = Release|Any CPU
	EndGlobalSection
	GlobalSection(SolutionProperties) = preSolution
		HideSolutionNode = FALSE
	EndGlobalSection
	GlobalSection(ExtensibilityGlobals) = postSolution
		SolutionGuid = {E6C83B22-BEF9-4665-9BF3-791CA315A41B}
	EndGlobalSection
EndGlobal
